
Microsoft Visual Studio Solution File, Format Version 12.00
# Visual Studio Version 17
VisualStudioVersion = 17.2.32616.157
MinimumVisualStudioVersion = 10.0.40219.1
Project("{FAE04EC0-301F-11D3-BF4B-00C04F79EFBC}") = "NZTrails.API", "NZWalks.API\NZTrails.API.csproj", "{A92A1443-8D38-4B0F-8FB3-CDC47F3CEB5A}"
EndProject
Global
	GlobalSection(SolutionConfigurationPlatforms) = preSolution
		Debug|Any CPU = Debug|Any CPU
		Release|Any CPU = Release|Any CPU
	EndGlobalSection
	GlobalSection(ProjectConfigurationPlatforms) = postSolution
		{A92A1443-8D38-4B0F-8FB3-CDC47F3CEB5A}.Debug|Any CPU.ActiveCfg = Debug|Any CPU
		{A92A1443-8D38-4B0F-8FB3-CDC47F3CEB5A}.Debug|Any CPU.Build.0 = Debug|Any CPU
		{A92A1443-8D38-4B0F-8FB3-CDC47F3CEB5A}.Release|Any CPU.ActiveCfg = Release|Any CPU
		{A92A1443-8D38-4B0F-8FB3-CDC47F3CEB5A}.Release|Any CPU.Build.0 = Release|Any CPU
	EndGlobalSection
	GlobalSection(SolutionProperties) = preSolution
		HideSolutionNode = FALSE
	EndGlobalSection
	GlobalSection(ExtensibilityGlobals) = postSolution
		SolutionGuid = {E67A1857-5BF5-4B4E-A91E-0795E3DF12B4}
	EndGlobalSection
EndGlobal
